PODS:
  - Flutter (1.0.0)
  - flutter_blue_plus (0.0.1):
    - Flutter
    - flutter_blue_plus/Protos (= 0.0.1)
  - flutter_blue_plus/Protos (0.0.1):
    - Flutter
    - Protobuf (~> 3.11)
  - "location_permissions (3.0.0+1)":
    - Flutter
  - permission_handler_apple (9.0.4):
    - Flutter
  - Protobuf (3.22.3)
  - reactive_ble_mobile (0.0.1):
    - Flutter
    - Protobuf (~> 3.5)
    - SwiftProtobuf (~> 1.0)
  - SwiftProtobuf (1.21.0)

DEPENDENCIES:
  - Flutter (from `Flutter`)
  - flutter_blue_plus (from `.symlinks/plugins/flutter_blue_plus/ios`)
  - location_permissions (from `.symlinks/plugins/location_permissions/ios`)
  - permission_handler_apple (from `.symlinks/plugins/permission_handler_apple/ios`)
  - reactive_ble_mobile (from `.symlinks/plugins/reactive_ble_mobile/ios`)

SPEC REPOS:
  trunk:
    - Protobuf
    - SwiftProtobuf

EXTERNAL SOURCES:
  Flutter:
    :path: Flutter
  flutter_blue_plus:
    :path: ".symlinks/plugins/flutter_blue_plus/ios"
  location_permissions:
    :path: ".symlinks/plugins/location_permissions/ios"
  permission_handler_apple:
    :path: ".symlinks/plugins/permission_handler_apple/ios"
  reactive_ble_mobile:
    :path: ".symlinks/plugins/reactive_ble_mobile/ios"

SPEC CHECKSUMS:
  Flutter: e0871f40cf51350855a761d2e70bf5af5b9b5de7
  flutter_blue_plus: b4fbe7eb2b7b4723ae93b7d43ef9f4e2af3d7cf7
  location_permissions: bd17235223ff957bed8894f9edbb75005d6761ab
  permission_handler_apple: 08f8206adee3b28ea33966c224b7228eabaaf6a9
  Protobuf: d03938d5f7e974a97964fb0567771e36fbe9ecce
  reactive_ble_mobile: 027a1eb013960fbedab38150e314254fdce8887f
  SwiftProtobuf: afced68785854575756db965e9da52bbf3dc45e7

PODFILE CHECKSUM: 4e8f8b2be68aeea4c0d5beb6ff1e79fface1d048

COCOAPODS: 1.16.2
